// !$*UTF8*$!
{
	archiveVersion = 1;
	classes = {
	};
	objectVersion = 46;
	objects = {

/* Begin PBXBuildFile section */
		180E832519A40ECC0026B8E2 /* libboost_filesystem.dylib in Frameworks */ = {isa = PBXBuildFile; fileRef = 180E832419A40ECC0026B8E2 /* libboost_filesystem.dylib */; };
		180E832719A40EF20026B8E2 /* libboost_program_options.dylib in Frameworks */ = {isa = PBXBuildFile; fileRef = 180E832619A40EF20026B8E2 /* libboost_program_options.dylib */; };
		180E832A19A40FDB0026B8E2 /* libboost_system.dylib in Frameworks */ = {isa = PBXBuildFile; fileRef = 180E832919A40FDB0026B8E2 /* libboost_system.dylib */; };
		181DCD861986C489006C6D06 /* main.cpp in Sources */ = {isa = PBXBuildFile; fileRef = 181DCD851986C489006C6D06 /* main.cpp */; };
		1882984419870B1A0027851B /* libopencv_calib3d.2.4.9.dylib in Frameworks */ = {isa = PBXBuildFile; fileRef = 1882983219870B1A0027851B /* libopencv_calib3d.2.4.9.dylib */; };
		1882984519870B1A0027851B /* libopencv_contrib.2.4.9.dylib in Frameworks */ = {isa = PBXBuildFile; fileRef = 1882983319870B1A0027851B /* libopencv_contrib.2.4.9.dylib */; };
		1882984619870B1A0027851B /* libopencv_core.2.4.9.dylib in Frameworks */ = {isa = PBXBuildFile; fileRef = 1882983419870B1A0027851B /* libopencv_core.2.4.9.dylib */; };
		1882984719870B1A0027851B /* libopencv_features2d.2.4.9.dylib in Frameworks */ = {isa = PBXBuildFile; fileRef = 1882983519870B1A0027851B /* libopencv_features2d.2.4.9.dylib */; };
		1882984819870B1A0027851B /* libopencv_flann.2.4.9.dylib in Frameworks */ = {isa = PBXBuildFile; fileRef = 1882983619870B1A0027851B /* libopencv_flann.2.4.9.dylib */; };
		1882984919870B1A0027851B /* libopencv_gpu.2.4.9.dylib in Frameworks */ = {isa = PBXBuildFile; fileRef = 1882983719870B1A0027851B /* libopencv_gpu.2.4.9.dylib */; };
		1882984A19870B1A0027851B /* libopencv_highgui.2.4.9.dylib in Frameworks */ = {isa = PBXBuildFile; fileRef = 1882983819870B1A0027851B /* libopencv_highgui.2.4.9.dylib */; };
		1882984B19870B1A0027851B /* libopencv_imgproc.2.4.9.dylib in Frameworks */ = {isa = PBXBuildFile; fileRef = 1882983919870B1A0027851B /* libopencv_imgproc.2.4.9.dylib */; };
		1882984C19870B1A0027851B /* libopencv_legacy.2.4.9.dylib in Frameworks */ = {isa = PBXBuildFile; fileRef = 1882983A19870B1A0027851B /* libopencv_legacy.2.4.9.dylib */; };
		1882984D19870B1A0027851B /* libopencv_ml.2.4.9.dylib in Frameworks */ = {isa = PBXBuildFile; fileRef = 1882983B19870B1A0027851B /* libopencv_ml.2.4.9.dylib */; };
		1882984E19870B1A0027851B /* libopencv_nonfree.2.4.9.dylib in Frameworks */ = {isa = PBXBuildFile; fileRef = 1882983C19870B1A0027851B /* libopencv_nonfree.2.4.9.dylib */; };
		1882984F19870B1A0027851B /* libopencv_objdetect.2.4.9.dylib in Frameworks */ = {isa = PBXBuildFile; fileRef = 1882983D19870B1A0027851B /* libopencv_objdetect.2.4.9.dylib */; };
		1882985019870B1A0027851B /* libopencv_ocl.2.4.9.dylib in Frameworks */ = {isa = PBXBuildFile; fileRef = 1882983E19870B1A0027851B /* libopencv_ocl.2.4.9.dylib */; };
		1882985119870B1A0027851B /* libopencv_photo.2.4.9.dylib in Frameworks */ = {isa = PBXBuildFile; fileRef = 1882983F19870B1A0027851B /* libopencv_photo.2.4.9.dylib */; };
		1882985219870B1A0027851B /* libopencv_stitching.2.4.9.dylib in Frameworks */ = {isa = PBXBuildFile; fileRef = 1882984019870B1A0027851B /* libopencv_stitching.2.4.9.dylib */; };
		1882985319870B1A0027851B /* libopencv_superres.2.4.9.dylib in Frameworks */ = {isa = PBXBuildFile; fileRef = 1882984119870B1A0027851B /* libopencv_superres.2.4.9.dylib */; };
		1882985419870B1A0027851B /* libopencv_video.2.4.9.dylib in Frameworks */ = {isa = PBXBuildFile; fileRef = 1882984219870B1A0027851B /* libopencv_video.2.4.9.dylib */; };
		1882985519870B1A0027851B /* libopencv_videostab.2.4.9.dylib in Frameworks */ = {isa = PBXBuildFile; fileRef = 1882984319870B1A0027851B /* libopencv_videostab.2.4.9.dylib */; };
/* End PBXBuildFile section */

/* Begin PBXCopyFilesBuildPhase section */
		18C91F7C1986B7730091CFBD /* CopyFiles */ = {
			isa = PBXCopyFilesBuildPhase;
			buildActionMask = 2147483647;
			dstPath = /usr/share/man/man1/;
			dstSubfolderSpec = 0;
			files = (
			);
			runOnlyForDeploymentPostprocessing = 1;
		};
/* End PBXCopyFilesBuildPhase section */

/* Begin PBXFileReference section */
		180E832419A40ECC0026B8E2 /* libboost_filesystem.dylib */ = {isa = PBXFileReference; lastKnownFileType = "compiled.mach-o.dylib"; path = libboost_filesystem.dylib; sourceTree = "<group>"; };
		180E832619A40EF20026B8E2 /* libboost_program_options.dylib */ = {isa = PBXFileReference; lastKnownFileType = "compiled.mach-o.dylib"; path = libboost_program_options.dylib; sourceTree = "<group>"; };
		180E832919A40FDB0026B8E2 /* libboost_system.dylib */ = {isa = PBXFileReference; lastKnownFileType = "compiled.mach-o.dylib"; path = libboost_system.dylib; sourceTree = "<group>"; };
		181DCD841986C489006C6D06 /* commandLoop.1 */ = {isa = PBXFileReference; fileEncoding = 4; lastKnownFileType = text.man; name = commandLoop.1; path = src/commandLoop.1; sourceTree = SOURCE_ROOT; };
		181DCD851986C489006C6D06 /* main.cpp */ = {isa = PBXFileReference; fileEncoding = 4; lastKnownFileType = sourcecode.cpp.cpp; name = main.cpp; path = src/main.cpp; sourceTree = SOURCE_ROOT; };
		187DD34C1987FDED00467BAD /* main.h */ = {isa = PBXFileReference; lastKnownFileType = sourcecode.c.h; name = main.h; path = src/main.h; sourceTree = SOURCE_ROOT; };
		1882983219870B1A0027851B /* libopencv_calib3d.2.4.9.dylib */ = {isa = PBXFileReference; lastKnownFileType = "compiled.mach-o.dylib"; name = libopencv_calib3d.2.4.9.dylib; path = ../../../../../usr/local/Cellar/opencv/2.4.9/lib/libopencv_calib3d.2.4.9.dylib; sourceTree = "<group>"; };
		1882983319870B1A0027851B /* libopencv_contrib.2.4.9.dylib */ = {isa = PBXFileReference; lastKnownFileType = "compiled.mach-o.dylib"; name = libopencv_contrib.2.4.9.dylib; path = ../../../../../usr/local/Cellar/opencv/2.4.9/lib/libopencv_contrib.2.4.9.dylib; sourceTree = "<group>"; };
		1882983419870B1A0027851B /* libopencv_core.2.4.9.dylib */ = {isa = PBXFileReference; lastKnownFileType = "compiled.mach-o.dylib"; name = libopencv_core.2.4.9.dylib; path = ../../../../../usr/local/Cellar/opencv/2.4.9/lib/libopencv_core.2.4.9.dylib; sourceTree = "<group>"; };
		1882983519870B1A0027851B /* libopencv_features2d.2.4.9.dylib */ = {isa = PBXFileReference; lastKnownFileType = "compiled.mach-o.dylib"; name = libopencv_features2d.2.4.9.dylib; path = ../../../../../usr/local/Cellar/opencv/2.4.9/lib/libopencv_features2d.2.4.9.dylib; sourceTree = "<group>"; };
		1882983619870B1A0027851B /* libopencv_flann.2.4.9.dylib */ = {isa = PBXFileReference; lastKnownFileType = "compiled.mach-o.dylib"; name = libopencv_flann.2.4.9.dylib; path = ../../../../../usr/local/Cellar/opencv/2.4.9/lib/libopencv_flann.2.4.9.dylib; sourceTree = "<group>"; };
		1882983719870B1A0027851B /* libopencv_gpu.2.4.9.dylib */ = {isa = PBXFileReference; lastKnownFileType = "compiled.mach-o.dylib"; name = libopencv_gpu.2.4.9.dylib; path = ../../../../../usr/local/Cellar/opencv/2.4.9/lib/libopencv_gpu.2.4.9.dylib; sourceTree = "<group>"; };
		1882983819870B1A0027851B /* libopencv_highgui.2.4.9.dylib */ = {isa = PBXFileReference; lastKnownFileType = "compiled.mach-o.dylib"; name = libopencv_highgui.2.4.9.dylib; path = ../../../../../usr/local/Cellar/opencv/2.4.9/lib/libopencv_highgui.2.4.9.dylib; sourceTree = "<group>"; };
		1882983919870B1A0027851B /* libopencv_imgproc.2.4.9.dylib */ = {isa = PBXFileReference; lastKnownFileType = "compiled.mach-o.dylib"; name = libopencv_imgproc.2.4.9.dylib; path = ../../../../../usr/local/Cellar/opencv/2.4.9/lib/libopencv_imgproc.2.4.9.dylib; sourceTree = "<group>"; };
		1882983A19870B1A0027851B /* libopencv_legacy.2.4.9.dylib */ = {isa = PBXFileReference; lastKnownFileType = "compiled.mach-o.dylib"; name = libopencv_legacy.2.4.9.dylib; path = ../../../../../usr/local/Cellar/opencv/2.4.9/lib/libopencv_legacy.2.4.9.dylib; sourceTree = "<group>"; };
		1882983B19870B1A0027851B /* libopencv_ml.2.4.9.dylib */ = {isa = PBXFileReference; lastKnownFileType = "compiled.mach-o.dylib"; name = libopencv_ml.2.4.9.dylib; path = ../../../../../usr/local/Cellar/opencv/2.4.9/lib/libopencv_ml.2.4.9.dylib; sourceTree = "<group>"; };
		1882983C19870B1A0027851B /* libopencv_nonfree.2.4.9.dylib */ = {isa = PBXFileReference; lastKnownFileType = "compiled.mach-o.dylib"; name = libopencv_nonfree.2.4.9.dylib; path = ../../../../../usr/local/Cellar/opencv/2.4.9/lib/libopencv_nonfree.2.4.9.dylib; sourceTree = "<group>"; };
		1882983D19870B1A0027851B /* libopencv_objdetect.2.4.9.dylib */ = {isa = PBXFileReference; lastKnownFileType = "compiled.mach-o.dylib"; name = libopencv_objdetect.2.4.9.dylib; path = ../../../../../usr/local/Cellar/opencv/2.4.9/lib/libopencv_objdetect.2.4.9.dylib; sourceTree = "<group>"; };
		1882983E19870B1A0027851B /* libopencv_ocl.2.4.9.dylib */ = {isa = PBXFileReference; lastKnownFileType = "compiled.mach-o.dylib"; name = libopencv_ocl.2.4.9.dylib; path = ../../../../../usr/local/Cellar/opencv/2.4.9/lib/libopencv_ocl.2.4.9.dylib; sourceTree = "<group>"; };
		1882983F19870B1A0027851B /* libopencv_photo.2.4.9.dylib */ = {isa = PBXFileReference; lastKnownFileType = "compiled.mach-o.dylib"; name = libopencv_photo.2.4.9.dylib; path = ../../../../../usr/local/Cellar/opencv/2.4.9/lib/libopencv_photo.2.4.9.dylib; sourceTree = "<group>"; };
		1882984019870B1A0027851B /* libopencv_stitching.2.4.9.dylib */ = {isa = PBXFileReference; lastKnownFileType = "compiled.mach-o.dylib"; name = libopencv_stitching.2.4.9.dylib; path = ../../../../../usr/local/Cellar/opencv/2.4.9/lib/libopencv_stitching.2.4.9.dylib; sourceTree = "<group>"; };
		1882984119870B1A0027851B /* libopencv_superres.2.4.9.dylib */ = {isa = PBXFileReference; lastKnownFileType = "compiled.mach-o.dylib"; name = libopencv_superres.2.4.9.dylib; path = ../../../../../usr/local/Cellar/opencv/2.4.9/lib/libopencv_superres.2.4.9.dylib; sourceTree = "<group>"; };
		1882984219870B1A0027851B /* libopencv_video.2.4.9.dylib */ = {isa = PBXFileReference; lastKnownFileType = "compiled.mach-o.dylib"; name = libopencv_video.2.4.9.dylib; path = ../../../../../usr/local/Cellar/opencv/2.4.9/lib/libopencv_video.2.4.9.dylib; sourceTree = "<group>"; };
		1882984319870B1A0027851B /* libopencv_videostab.2.4.9.dylib */ = {isa = PBXFileReference; lastKnownFileType = "compiled.mach-o.dylib"; name = libopencv_videostab.2.4.9.dylib; path = ../../../../../usr/local/Cellar/opencv/2.4.9/lib/libopencv_videostab.2.4.9.dylib; sourceTree = "<group>"; };
		18C91F7E1986B7730091CFBD /* commandLoop */ = {isa = PBXFileReference; explicitFileType = "compiled.mach-o.executable"; includeInIndex = 0; path = commandLoop; sourceTree = BUILT_PRODUCTS_DIR; };
/* End PBXFileReference section */

/* Begin PBXFrameworksBuildPhase section */
		18C91F7B1986B7730091CFBD /* Frameworks */ = {
			isa = PBXFrameworksBuildPhase;
			buildActionMask = 2147483647;
			files = (
				1882984E19870B1A0027851B /* libopencv_nonfree.2.4.9.dylib in Frameworks */,
				1882984619870B1A0027851B /* libopencv_core.2.4.9.dylib in Frameworks */,
				1882985419870B1A0027851B /* libopencv_video.2.4.9.dylib in Frameworks */,
				1882984A19870B1A0027851B /* libopencv_highgui.2.4.9.dylib in Frameworks */,
				1882985319870B1A0027851B /* libopencv_superres.2.4.9.dylib in Frameworks */,
				180E832A19A40FDB0026B8E2 /* libboost_system.dylib in Frameworks */,
				1882984F19870B1A0027851B /* libopencv_objdetect.2.4.9.dylib in Frameworks */,
				1882984C19870B1A0027851B /* libopencv_legacy.2.4.9.dylib in Frameworks */,
				1882984B19870B1A0027851B /* libopencv_imgproc.2.4.9.dylib in Frameworks */,
				1882985019870B1A0027851B /* libopencv_ocl.2.4.9.dylib in Frameworks */,
				1882984919870B1A0027851B /* libopencv_gpu.2.4.9.dylib in Frameworks */,
				180E832519A40ECC0026B8E2 /* libboost_filesystem.dylib in Frameworks */,
				1882984519870B1A0027851B /* libopencv_contrib.2.4.9.dylib in Frameworks */,
				180E832719A40EF20026B8E2 /* libboost_program_options.dylib in Frameworks */,
				1882985219870B1A0027851B /* libopencv_stitching.2.4.9.dylib in Frameworks */,
				1882985519870B1A0027851B /* libopencv_videostab.2.4.9.dylib in Frameworks */,
				1882984719870B1A0027851B /* libopencv_features2d.2.4.9.dylib in Frameworks */,
				1882984D19870B1A0027851B /* libopencv_ml.2.4.9.dylib in Frameworks */,
				1882984419870B1A0027851B /* libopencv_calib3d.2.4.9.dylib in Frameworks */,
				1882984819870B1A0027851B /* libopencv_flann.2.4.9.dylib in Frameworks */,
				1882985119870B1A0027851B /* libopencv_photo.2.4.9.dylib in Frameworks */,
			);
			runOnlyForDeploymentPostprocessing = 0;
		};
/* End PBXFrameworksBuildPhase section */

/* Begin PBXGroup section */
		180E832819A40EF70026B8E2 /* boost */ = {
			isa = PBXGroup;
			children = (
				180E832919A40FDB0026B8E2 /* libboost_system.dylib */,
				180E832419A40ECC0026B8E2 /* libboost_filesystem.dylib */,
				180E832619A40EF20026B8E2 /* libboost_program_options.dylib */,
			);
			name = boost;
			sourceTree = "<group>";
		};
		188298311986FEC10027851B /* opencv */ = {
			isa = PBXGroup;
			children = (
				1882983219870B1A0027851B /* libopencv_calib3d.2.4.9.dylib */,
				1882983319870B1A0027851B /* libopencv_contrib.2.4.9.dylib */,
				1882983419870B1A0027851B /* libopencv_core.2.4.9.dylib */,
				1882983519870B1A0027851B /* libopencv_features2d.2.4.9.dylib */,
				1882983619870B1A0027851B /* libopencv_flann.2.4.9.dylib */,
				1882983719870B1A0027851B /* libopencv_gpu.2.4.9.dylib */,
				1882983819870B1A0027851B /* libopencv_highgui.2.4.9.dylib */,
				1882983919870B1A0027851B /* libopencv_imgproc.2.4.9.dylib */,
				1882983A19870B1A0027851B /* libopencv_legacy.2.4.9.dylib */,
				1882983B19870B1A0027851B /* libopencv_ml.2.4.9.dylib */,
				1882983C19870B1A0027851B /* libopencv_nonfree.2.4.9.dylib */,
				1882983D19870B1A0027851B /* libopencv_objdetect.2.4.9.dylib */,
				1882983E19870B1A0027851B /* libopencv_ocl.2.4.9.dylib */,
				1882983F19870B1A0027851B /* libopencv_photo.2.4.9.dylib */,
				1882984019870B1A0027851B /* libopencv_stitching.2.4.9.dylib */,
				1882984119870B1A0027851B /* libopencv_superres.2.4.9.dylib */,
				1882984219870B1A0027851B /* libopencv_video.2.4.9.dylib */,
				1882984319870B1A0027851B /* libopencv_videostab.2.4.9.dylib */,
			);
			name = opencv;
			sourceTree = "<group>";
		};
		18C91F751986B7730091CFBD = {
			isa = PBXGroup;
			children = (
				180E832819A40EF70026B8E2 /* boost */,
				188298311986FEC10027851B /* opencv */,
				18C91F801986B7730091CFBD /* src */,
				18C91F7F1986B7730091CFBD /* Products */,
			);
			sourceTree = "<group>";
		};
		18C91F7F1986B7730091CFBD /* Products */ = {
			isa = PBXGroup;
			children = (
				18C91F7E1986B7730091CFBD /* commandLoop */,
			);
			name = Products;
			sourceTree = "<group>";
		};
		18C91F801986B7730091CFBD /* src */ = {
			isa = PBXGroup;
			children = (
				181DCD851986C489006C6D06 /* main.cpp */,
				187DD34C1987FDED00467BAD /* main.h */,
				181DCD841986C489006C6D06 /* commandLoop.1 */,
			);
			name = src;
			path = commandLoop;
			sourceTree = "<group>";
		};
/* End PBXGroup section */

/* Begin PBXNativeTarget section */
		18C91F7D1986B7730091CFBD /* commandLoop */ = {
			isa = PBXNativeTarget;
			buildConfigurationList = 18C91F871986B7730091CFBD /* Build configuration list for PBXNativeTarget "commandLoop" */;
			buildPhases = (
				18C91F7A1986B7730091CFBD /* Sources */,
				18C91F7B1986B7730091CFBD /* Frameworks */,
				18C91F7C1986B7730091CFBD /* CopyFiles */,
			);
			buildRules = (
			);
			dependencies = (
			);
			name = commandLoop;
			productName = commandLoop;
			productReference = 18C91F7E1986B7730091CFBD /* commandLoop */;
			productType = "com.apple.product-type.tool";
		};
/* End PBXNativeTarget section */

/* Begin PBXProject section */
		18C91F761986B7730091CFBD /* Project object */ = {
			isa = PBXProject;
			attributes = {
				LastUpgradeCheck = 0510;
			};
			buildConfigurationList = 18C91F791986B7730091CFBD /* Build configuration list for PBXProject "commandLoop" */;
			compatibilityVersion = "Xcode 3.2";
			developmentRegion = English;
			hasScannedForEncodings = 0;
			knownRegions = (
				en,
			);
			mainGroup = 18C91F751986B7730091CFBD;
			productRefGroup = 18C91F7F1986B7730091CFBD /* Products */;
			projectDirPath = "";
			projectRoot = "";
			targets = (
				18C91F7D1986B7730091CFBD /* commandLoop */,
			);
		};
/* End PBXProject section */

/* Begin PBXSourcesBuildPhase section */
		18C91F7A1986B7730091CFBD /* Sources */ = {
			isa = PBXSourcesBuildPhase;
			buildActionMask = 2147483647;
			files = (
				181DCD861986C489006C6D06 /* main.cpp in Sources */,
			);
			runOnlyForDeploymentPostprocessing = 0;
		};
/* End PBXSourcesBuildPhase section */

/* Begin XCBuildConfiguration section */
		18C91F851986B7730091CFBD /* Debug */ = {
			isa = XCBuildConfiguration;
			buildSettings = {
				ALWAYS_SEARCH_USER_PATHS = NO;
				CLANG_CXX_LANGUAGE_STANDARD = "gnu++0x";
				CLANG_CXX_LIBRARY = "libc++";
				CLANG_ENABLE_MODULES = YES;
				CLANG_ENABLE_OBJC_ARC = YES;
				CLANG_WARN_BOOL_CONVERSION = YES;
				CLANG_WARN_CONSTANT_CONVERSION = YES;
				CLANG_WARN_DIRECT_OBJC_ISA_USAGE = YES_ERROR;
				CLANG_WARN_EMPTY_BODY = YES;
				CLANG_WARN_ENUM_CONVERSION = YES;
				CLANG_WARN_INT_CONVERSION = YES;
				CLANG_WARN_OBJC_ROOT_CLASS = YES_ERROR;
				CLANG_WARN__DUPLICATE_METHOD_MATCH = YES;
				COPY_PHASE_STRIP = NO;
				GCC_C_LANGUAGE_STANDARD = gnu99;
				GCC_DYNAMIC_NO_PIC = NO;
				GCC_ENABLE_OBJC_EXCEPTIONS = YES;
				GCC_OPTIMIZATION_LEVEL = 0;
				GCC_PREPROCESSOR_DEFINITIONS = (
					"DEBUG=1",
					"$(inherited)",
				);
				GCC_SYMBOLS_PRIVATE_EXTERN = NO;
				GCC_WARN_64_TO_32_BIT_CONVERSION = YES;
				GCC_WARN_ABOUT_RETURN_TYPE = YES_ERROR;
				GCC_WARN_UNDECLARED_SELECTOR = YES;
				GCC_WARN_UNINITIALIZED_AUTOS = YES_AGGRESSIVE;
				GCC_WARN_UNUSED_FUNCTION = YES;
				GCC_WARN_UNUSED_VARIABLE = YES;
				MACOSX_DEPLOYMENT_TARGET = 10.9;
				ONLY_ACTIVE_ARCH = YES;
				SDKROOT = macosx;
			};
			name = Debug;
		};
		18C91F861986B7730091CFBD /* Release */ = {
			isa = XCBuildConfiguration;
			buildSettings = {
				ALWAYS_SEARCH_USER_PATHS = NO;
				CLANG_CXX_LANGUAGE_STANDARD = "gnu++0x";
				CLANG_CXX_LIBRARY = "libc++";
				CLANG_ENABLE_MODULES = YES;
				CLANG_ENABLE_OBJC_ARC = YES;
				CLANG_WARN_BOOL_CONVERSION = YES;
				CLANG_WARN_CONSTANT_CONVERSION = YES;
				CLANG_WARN_DIRECT_OBJC_ISA_USAGE = YES_ERROR;
				CLANG_WARN_EMPTY_BODY = YES;
				CLANG_WARN_ENUM_CONVERSION = YES;
				CLANG_WARN_INT_CONVERSION = YES;
				CLANG_WARN_OBJC_ROOT_CLASS = YES_ERROR;
				CLANG_WARN__DUPLICATE_METHOD_MATCH = YES;
				COPY_PHASE_STRIP = YES;
				DEBUG_INFORMATION_FORMAT = "dwarf-with-dsym";
				ENABLE_NS_ASSERTIONS = NO;
				GCC_C_LANGUAGE_STANDARD = gnu99;
				GCC_ENABLE_OBJC_EXCEPTIONS = YES;
				GCC_WARN_64_TO_32_BIT_CONVERSION = YES;
				GCC_WARN_ABOUT_RETURN_TYPE = YES_ERROR;
				GCC_WARN_UNDECLARED_SELECTOR = YES;
				GCC_WARN_UNINITIALIZED_AUTOS = YES_AGGRESSIVE;
				GCC_WARN_UNUSED_FUNCTION = YES;
				GCC_WARN_UNUSED_VARIABLE = YES;
				MACOSX_DEPLOYMENT_TARGET = 10.9;
				SDKROOT = macosx;
			};
			name = Release;
		};
		18C91F881986B7730091CFBD /* Debug */ = {
			isa = XCBuildConfiguration;
			buildSettings = {
				CLANG_CXX_LIBRARY = "libc++";
				HEADER_SEARCH_PATHS = /usr/local/include;
				LIBRARY_SEARCH_PATHS = (
					/usr/local/lib,
					/usr/local/Cellar/opencv/2.4.9/lib,
					"$(PROJECT_DIR)",
				);
				OTHER_CFLAGS = "-v";
				OTHER_LDFLAGS = "";
				PRODUCT_NAME = "$(TARGET_NAME)";
			};
			name = Debug;
		};
		18C91F891986B7730091CFBD /* Release */ = {
			isa = XCBuildConfiguration;
			buildSettings = {
				CLANG_CXX_LIBRARY = "libc++";
				HEADER_SEARCH_PATHS = /usr/local/include;
				LIBRARY_SEARCH_PATHS = (
					/usr/local/lib,
					/usr/local/Cellar/opencv/2.4.9/lib,
					"$(PROJECT_DIR)",
				);
				OTHER_CFLAGS = "-v";
				OTHER_LDFLAGS = "";
				PRODUCT_NAME = "$(TARGET_NAME)";
			};
			name = Release;
		};
/* End XCBuildConfiguration section */

/* Begin XCConfigurationList section */
		18C91F791986B7730091CFBD /* Build configuration list for PBXProject "commandLoop" */ = {
			isa = XCConfigurationList;
			buildConfigurations = (
				18C91F851986B7730091CFBD /* Debug */,
				18C91F861986B7730091CFBD /* Release */,
			);
			defaultConfigurationIsVisible = 0;
			defaultConfigurationName = Release;
		};
		18C91F871986B7730091CFBD /* Build configuration list for PBXNativeTarget "commandLoop" */ = {
			isa = XCConfigurationList;
			buildConfigurations = (
				18C91F881986B7730091CFBD /* Debug */,
				18C91F891986B7730091CFBD /* Release */,
			);
			defaultConfigurationIsVisible = 0;
			defaultConfigurationName = Release;
		};
/* End XCConfigurationList section */
	};
	rootObject = 18C91F761986B7730091CFBD /* Project object */;
}
